
Microsoft Visual Studio Solution File, Format Version 12.00
# Visual Studio 2015
Project("{FAE04EC0-301F-11D3-BF4B-00C04F79EFBC}") = "GameFromworkProject", "GameFromworkProject.csproj", "{F8624C80-8AFE-1C6D-2E1B-F94F823704F2}"
EndProject
Project("{FAE04EC0-301F-11D3-BF4B-00C04F79EFBC}") = "GameFromworkProject.Editor", "GameFromworkProject.Editor.csproj", "{19D855BF-4FA4-9F8E-7C05-32A772932B00}"
EndProject
Global
	GlobalSection(SolutionConfigurationPlatforms) = preSolution
		Debug|Any CPU = Debug|Any CPU
		Release|Any CPU = Release|Any CPU
	EndGlobalSection
	GlobalSection(ProjectConfigurationPlatforms) = postSolution
		{F8624C80-8AFE-1C6D-2E1B-F94F823704F2}.Debug|Any CPU.ActiveCfg = Debug|Any CPU
		{F8624C80-8AFE-1C6D-2E1B-F94F823704F2}.Debug|Any CPU.Build.0 = Debug|Any CPU
		{F8624C80-8AFE-1C6D-2E1B-F94F823704F2}.Release|Any CPU.ActiveCfg = Release|Any CPU
		{F8624C80-8AFE-1C6D-2E1B-F94F823704F2}.Release|Any CPU.Build.0 = Release|Any CPU
		{19D855BF-4FA4-9F8E-7C05-32A772932B00}.Debug|Any CPU.ActiveCfg = Debug|Any CPU
		{19D855BF-4FA4-9F8E-7C05-32A772932B00}.Debug|Any CPU.Build.0 = Debug|Any CPU
		{19D855BF-4FA4-9F8E-7C05-32A772932B00}.Release|Any CPU.ActiveCfg = Release|Any CPU
		{19D855BF-4FA4-9F8E-7C05-32A772932B00}.Release|Any CPU.Build.0 = Release|Any CPU
	EndGlobalSection
	GlobalSection(SolutionProperties) = preSolution
		HideSolutionNode = FALSE
	EndGlobalSection
EndGlobal
